PODS:
  - Flutter (1.0.0)
  - flutter_7zip (0.0.1):
    - Flutter
  - flutter_file_dialog (0.0.1):
    - Flutter
  - flutter_inappwebview_ios (0.0.1):
    - Flutter
    - flutter_inappwebview_ios/Core (= 0.0.1)
    - OrderedSet (~> 6.0.3)
  - flutter_inappwebview_ios/Core (0.0.1):
    - Flutter
    - OrderedSet (~> 6.0.3)
  - flutter_memory_info (0.0.1):
    - Flutter
  - flutter_qjs (0.0.1):
    - Flutter
  - lodepng_flutter (0.0.1):
    - Flutter
  - OrderedSet (6.0.3)
  - rhttp (0.0.1):
    - Flutter
  - zip_flutter (0.0.1):
    - Flutter

DEPENDENCIES:
  - Flutter (from `Flutter`)
  - flutter_7zip (from `.symlinks/plugins/flutter_7zip/ios`)
  - flutter_file_dialog (from `.symlinks/plugins/flutter_file_dialog/ios`)
  - flutter_inappwebview_ios (from `.symlinks/plugins/flutter_inappwebview_ios/ios`)
  - flutter_memory_info (from `.symlinks/plugins/flutter_memory_info/ios`)
  - flutter_qjs (from `.symlinks/plugins/flutter_qjs/ios`)
  - lodepng_flutter (from `.symlinks/plugins/lodepng_flutter/ios`)
  - rhttp (from `.symlinks/plugins/rhttp/ios`)
  - zip_flutter (from `.symlinks/plugins/zip_flutter/ios`)

SPEC REPOS:
  trunk:
    - OrderedSet

EXTERNAL SOURCES:
  Flutter:
    :path: Flutter
  flutter_7zip:
    :path: ".symlinks/plugins/flutter_7zip/ios"
  flutter_file_dialog:
    :path: ".symlinks/plugins/flutter_file_dialog/ios"
  flutter_inappwebview_ios:
    :path: ".symlinks/plugins/flutter_inappwebview_ios/ios"
  flutter_memory_info:
    :path: ".symlinks/plugins/flutter_memory_info/ios"
  flutter_qjs:
    :path: ".symlinks/plugins/flutter_qjs/ios"
  lodepng_flutter:
    :path: ".symlinks/plugins/lodepng_flutter/ios"
  rhttp:
    :path: ".symlinks/plugins/rhttp/ios"
  zip_flutter:
    :path: ".symlinks/plugins/zip_flutter/ios"

SPEC CHECKSUMS:
  Flutter: cabc95a1d2626b1b06e7179b784ebcf0c0cde467
  flutter_7zip: d70de361349d3388028690c8978b90fae267b241
  flutter_file_dialog: 4c014a45b105709a27391e266c277d7e588e9299
  flutter_inappwebview_ios: 6f63631e2c62a7c350263b13fa5427aedefe81d4
  flutter_memory_info: 10992fb7cadf5f0f341ffa5c1aef6d3432967522
  flutter_qjs: 042bf2c5bef292039d7eaac1e77791556b4333a3
  lodepng_flutter: dcc0de1b12231277f8fb9e7d44f6a987e36a8573
  OrderedSet: e539b66b644ff081c73a262d24ad552a69be3a94
  rhttp: 367a8162e63311c6dde543169b591cc04454dcd6
  zip_flutter: ad751254a2a56688310c200187b2fac8bf83767c

PODFILE CHECKSUM: abd3071c3798147190079d32cd7c9d7d9f0df55a

COCOAPODS: 1.15.2
